// !$*UTF8*$!
{
	archiveVersion = 1;
	classes = {
	};
	objectVersion = 46;
	objects = {

/* Begin PBXBuildFile section */
		A97C2D2018FC2E21009F6FBA /* LaikaSpaceDog-3.jpg in Resources */ = {isa = PBXBuildFile; fileRef = A97C2D1F18FC2E21009F6FBA /* LaikaSpaceDog-3.jpg */; };
		A9EBB10918F8573400AF932E /* Foundation.framework in Frameworks */ = {isa = PBXBuildFile; fileRef = A9EBB10818F8573400AF932E /* Foundation.framework */; };
		A9EBB10B18F8573400AF932E /* CoreGraphics.framework in Frameworks */ = {isa = PBXBuildFile; fileRef = A9EBB10A18F8573400AF932E /* CoreGraphics.framework */; };
		A9EBB10D18F8573400AF932E /* UIKit.framework in Frameworks */ = {isa = PBXBuildFile; fileRef = A9EBB10C18F8573400AF932E /* UIKit.framework */; };
		A9EBB11318F8573400AF932E /* InfoPlist.strings in Resources */ = {isa = PBXBuildFile; fileRef = A9EBB11118F8573400AF932E /* InfoPlist.strings */; };
		A9EBB11518F8573400AF932E /* main.m in Sources */ = {isa = PBXBuildFile; fileRef = A9EBB11418F8573400AF932E /* main.m */; };
		A9EBB11918F8573400AF932E /* LAAppDelegate.m in Sources */ = {isa = PBXBuildFile; fileRef = A9EBB11818F8573400AF932E /* LAAppDelegate.m */; };
		A9EBB11C18F8573400AF932E /* Main.storyboard in Resources */ = {isa = PBXBuildFile; fileRef = A9EBB11A18F8573400AF932E /* Main.storyboard */; };
		A9EBB11F18F8573400AF932E /* LAViewController.m in Sources */ = {isa = PBXBuildFile; fileRef = A9EBB11E18F8573400AF932E /* LAViewController.m */; };
		A9EBB12118F8573400AF932E /* Images.xcassets in Resources */ = {isa = PBXBuildFile; fileRef = A9EBB12018F8573400AF932E /* Images.xcassets */; };
		A9EBB12818F8573400AF932E /* XCTest.framework in Frameworks */ = {isa = PBXBuildFile; fileRef = A9EBB12718F8573400AF932E /* XCTest.framework */; };
		A9EBB12918F8573400AF932E /* Foundation.framework in Frameworks */ = {isa = PBXBuildFile; fileRef = A9EBB10818F8573400AF932E /* Foundation.framework */; };
		A9EBB12A18F8573400AF932E /* UIKit.framework in Frameworks */ = {isa = PBXBuildFile; fileRef = A9EBB10C18F8573400AF932E /* UIKit.framework */; };
		A9EBB13218F8573400AF932E /* InfoPlist.strings in Resources */ = {isa = PBXBuildFile; fileRef = A9EBB13018F8573400AF932E /* InfoPlist.strings */; };
		A9EBB13418F8573400AF932E /* LAgeTests.m in Sources */ = {isa = PBXBuildFile; fileRef = A9EBB13318F8573400AF932E /* LAgeTests.m */; };
/* End PBXBuildFile section */

/* Begin PBXContainerItemProxy section */
		A9EBB12B18F8573400AF932E /* PBXContainerItemProxy */ = {
			isa = PBXContainerItemProxy;
			containerPortal = A9EBB0FD18F8573400AF932E /* Project object */;
			proxyType = 1;
			remoteGlobalIDString = A9EBB10418F8573400AF932E;
			remoteInfo = LAge;
		};
/* End PBXContainerItemProxy section */

/* Begin PBXFileReference section */
		A97C2D1F18FC2E21009F6FBA /* LaikaSpaceDog-3.jpg */ = {isa = PBXFileReference; lastKnownFileType = image.jpeg; path = "LaikaSpaceDog-3.jpg"; sourceTree = "<group>"; };
		A9EBB10518F8573400AF932E /* LAge.app */ = {isa = PBXFileReference; explicitFileType = wrapper.application; includeInIndex = 0; path = LAge.app; sourceTree = BUILT_PRODUCTS_DIR; };
		A9EBB10818F8573400AF932E /* Foundation.framework */ = {isa = PBXFileReference; lastKnownFileType = wrapper.framework; name = Foundation.framework; path = System/Library/Frameworks/Foundation.framework; sourceTree = SDKROOT; };
		A9EBB10A18F8573400AF932E /* CoreGraphics.framework */ = {isa = PBXFileReference; lastKnownFileType = wrapper.framework; name = CoreGraphics.framework; path = System/Library/Frameworks/CoreGraphics.framework; sourceTree = SDKROOT; };
		A9EBB10C18F8573400AF932E /* UIKit.framework */ = {isa = PBXFileReference; lastKnownFileType = wrapper.framework; name = UIKit.framework; path = System/Library/Frameworks/UIKit.framework; sourceTree = SDKROOT; };
		A9EBB11018F8573400AF932E /* LAge-Info.plist */ = {isa = PBXFileReference; lastKnownFileType = text.plist.xml; path = "LAge-Info.plist"; sourceTree = "<group>"; };
		A9EBB11218F8573400AF932E /* en */ = {isa = PBXFileReference; lastKnownFileType = text.plist.strings; name = en; path = en.lproj/InfoPlist.strings; sourceTree = "<group>"; };
		A9EBB11418F8573400AF932E /* main.m */ = {isa = PBXFileReference; lastKnownFileType = sourcecode.c.objc; path = main.m; sourceTree = "<group>"; };
		A9EBB11618F8573400AF932E /* LAge-Prefix.pch */ = {isa = PBXFileReference; lastKnownFileType = sourcecode.c.h; path = "LAge-Prefix.pch"; sourceTree = "<group>"; };
		A9EBB11718F8573400AF932E /* LAAppDelegate.h */ = {isa = PBXFileReference; lastKnownFileType = sourcecode.c.h; path = LAAppDelegate.h; sourceTree = "<group>"; };
		A9EBB11818F8573400AF932E /* LAAppDelegate.m */ = {isa = PBXFileReference; lastKnownFileType = sourcecode.c.objc; path = LAAppDelegate.m; sourceTree = "<group>"; };
		A9EBB11B18F8573400AF932E /* Base */ = {isa = PBXFileReference; lastKnownFileType = file.storyboard; name = Base; path = Base.lproj/Main.storyboard; sourceTree = "<group>"; };
		A9EBB11D18F8573400AF932E /* LAViewController.h */ = {isa = PBXFileReference; lastKnownFileType = sourcecode.c.h; path = LAViewController.h; sourceTree = "<group>"; };
		A9EBB11E18F8573400AF932E /* LAViewController.m */ = {isa = PBXFileReference; lastKnownFileType = sourcecode.c.objc; path = LAViewController.m; sourceTree = "<group>"; };
		A9EBB12018F8573400AF932E /* Images.xcassets */ = {isa = PBXFileReference; lastKnownFileType = folder.assetcatalog; path = Images.xcassets; sourceTree = "<group>"; };
		A9EBB12618F8573400AF932E /* LAgeTests.xctest */ = {isa = PBXFileReference; explicitFileType = wrapper.cfbundle; includeInIndex = 0; path = LAgeTests.xctest; sourceTree = BUILT_PRODUCTS_DIR; };
		A9EBB12718F8573400AF932E /* XCTest.framework */ = {isa = PBXFileReference; lastKnownFileType = wrapper.framework; name = XCTest.framework; path = Library/Frameworks/XCTest.framework; sourceTree = DEVELOPER_DIR; };
		A9EBB12F18F8573400AF932E /* LAgeTests-Info.plist */ = {isa = PBXFileReference; lastKnownFileType = text.plist.xml; path = "LAgeTests-Info.plist"; sourceTree = "<group>"; };
		A9EBB13118F8573400AF932E /* en */ = {isa = PBXFileReference; lastKnownFileType = text.plist.strings; name = en; path = en.lproj/InfoPlist.strings; sourceTree = "<group>"; };
		A9EBB13318F8573400AF932E /* LAgeTests.m */ = {isa = PBXFileReference; lastKnownFileType = sourcecode.c.objc; path = LAgeTests.m; sourceTree = "<group>"; };
/* End PBXFileReference section */

/* Begin PBXFrameworksBuildPhase section */
		A9EBB10218F8573400AF932E /* Frameworks */ = {
			isa = PBXFrameworksBuildPhase;
			buildActionMask = 2147483647;
			files = (
				A9EBB10B18F8573400AF932E /* CoreGraphics.framework in Frameworks */,
				A9EBB10D18F8573400AF932E /* UIKit.framework in Frameworks */,
				A9EBB10918F8573400AF932E /* Foundation.framework in Frameworks */,
			);
			runOnlyForDeploymentPostprocessing = 0;
		};
		A9EBB12318F8573400AF932E /* Frameworks */ = {
			isa = PBXFrameworksBuildPhase;
			buildActionMask = 2147483647;
			files = (
				A9EBB12818F8573400AF932E /* XCTest.framework in Frameworks */,
				A9EBB12A18F8573400AF932E /* UIKit.framework in Frameworks */,
				A9EBB12918F8573400AF932E /* Foundation.framework in Frameworks */,
			);
			runOnlyForDeploymentPostprocessing = 0;
		};
/* End PBXFrameworksBuildPhase section */

/* Begin PBXGroup section */
		A9EBB0FC18F8573400AF932E = {
			isa = PBXGroup;
			children = (
				A9EBB10E18F8573400AF932E /* LAge */,
				A9EBB12D18F8573400AF932E /* LAgeTests */,
				A9EBB10718F8573400AF932E /* Frameworks */,
				A9EBB10618F8573400AF932E /* Products */,
			);
			sourceTree = "<group>";
		};
		A9EBB10618F8573400AF932E /* Products */ = {
			isa = PBXGroup;
			children = (
				A9EBB10518F8573400AF932E /* LAge.app */,
				A9EBB12618F8573400AF932E /* LAgeTests.xctest */,
			);
			name = Products;
			sourceTree = "<group>";
		};
		A9EBB10718F8573400AF932E /* Frameworks */ = {
			isa = PBXGroup;
			children = (
				A9EBB10818F8573400AF932E /* Foundation.framework */,
				A9EBB10A18F8573400AF932E /* CoreGraphics.framework */,
				A9EBB10C18F8573400AF932E /* UIKit.framework */,
				A9EBB12718F8573400AF932E /* XCTest.framework */,
			);
			name = Frameworks;
			sourceTree = "<group>";
		};
		A9EBB10E18F8573400AF932E /* LAge */ = {
			isa = PBXGroup;
			children = (
				A9EBB11718F8573400AF932E /* LAAppDelegate.h */,
				A9EBB11818F8573400AF932E /* LAAppDelegate.m */,
				A9EBB11A18F8573400AF932E /* Main.storyboard */,
				A9EBB11D18F8573400AF932E /* LAViewController.h */,
				A9EBB11E18F8573400AF932E /* LAViewController.m */,
				A9EBB12018F8573400AF932E /* Images.xcassets */,
				A9EBB10F18F8573400AF932E /* Supporting Files */,
			);
			path = LAge;
			sourceTree = "<group>";
		};
		A9EBB10F18F8573400AF932E /* Supporting Files */ = {
			isa = PBXGroup;
			children = (
				A97C2D1F18FC2E21009F6FBA /* LaikaSpaceDog-3.jpg */,
				A9EBB11018F8573400AF932E /* LAge-Info.plist */,
				A9EBB11118F8573400AF932E /* InfoPlist.strings */,
				A9EBB11418F8573400AF932E /* main.m */,
				A9EBB11618F8573400AF932E /* LAge-Prefix.pch */,
			);
			name = "Supporting Files";
			sourceTree = "<group>";
		};
		A9EBB12D18F8573400AF932E /* LAgeTests */ = {
			isa = PBXGroup;
			children = (
				A9EBB13318F8573400AF932E /* LAgeTests.m */,
				A9EBB12E18F8573400AF932E /* Supporting Files */,
			);
			path = LAgeTests;
			sourceTree = "<group>";
		};
		A9EBB12E18F8573400AF932E /* Supporting Files */ = {
			isa = PBXGroup;
			children = (
				A9EBB12F18F8573400AF932E /* LAgeTests-Info.plist */,
				A9EBB13018F8573400AF932E /* InfoPlist.strings */,
			);
			name = "Supporting Files";
			sourceTree = "<group>";
		};
/* End PBXGroup section */

/* Begin PBXNativeTarget section */
		A9EBB10418F8573400AF932E /* LAge */ = {
			isa = PBXNativeTarget;
			buildConfigurationList = A9EBB13718F8573400AF932E /* Build configuration list for PBXNativeTarget "LAge" */;
			buildPhases = (
				A9EBB10118F8573400AF932E /* Sources */,
				A9EBB10218F8573400AF932E /* Frameworks */,
				A9EBB10318F8573400AF932E /* Resources */,
			);
			buildRules = (
			);
			dependencies = (
			);
			name = LAge;
			productName = LAge;
			productReference = A9EBB10518F8573400AF932E /* LAge.app */;
			productType = "com.apple.product-type.application";
		};
		A9EBB12518F8573400AF932E /* LAgeTests */ = {
			isa = PBXNativeTarget;
			buildConfigurationList = A9EBB13A18F8573400AF932E /* Build configuration list for PBXNativeTarget "LAgeTests" */;
			buildPhases = (
				A9EBB12218F8573400AF932E /* Sources */,
				A9EBB12318F8573400AF932E /* Frameworks */,
				A9EBB12418F8573400AF932E /* Resources */,
			);
			buildRules = (
			);
			dependencies = (
				A9EBB12C18F8573400AF932E /* PBXTargetDependency */,
			);
			name = LAgeTests;
			productName = LAgeTests;
			productReference = A9EBB12618F8573400AF932E /* LAgeTests.xctest */;
			productType = "com.apple.product-type.bundle.unit-test";
		};
/* End PBXNativeTarget section */

/* Begin PBXProject section */
		A9EBB0FD18F8573400AF932E /* Project object */ = {
			isa = PBXProject;
			attributes = {
				CLASSPREFIX = LA;
				LastUpgradeCheck = 0510;
				ORGANIZATIONNAME = "Radu Negrean";
				TargetAttributes = {
					A9EBB12518F8573400AF932E = {
						TestTargetID = A9EBB10418F8573400AF932E;
					};
				};
			};
			buildConfigurationList = A9EBB10018F8573400AF932E /* Build configuration list for PBXProject "LAge" */;
			compatibilityVersion = "Xcode 3.2";
			developmentRegion = English;
			hasScannedForEncodings = 0;
			knownRegions = (
				en,
				Base,
			);
			mainGroup = A9EBB0FC18F8573400AF932E;
			productRefGroup = A9EBB10618F8573400AF932E /* Products */;
			projectDirPath = "";
			projectRoot = "";
			targets = (
				A9EBB10418F8573400AF932E /* LAge */,
				A9EBB12518F8573400AF932E /* LAgeTests */,
			);
		};
/* End PBXProject section */

/* Begin PBXResourcesBuildPhase section */
		A9EBB10318F8573400AF932E /* Resources */ = {
			isa = PBXResourcesBuildPhase;
			buildActionMask = 2147483647;
			files = (
				A9EBB12118F8573400AF932E /* Images.xcassets in Resources */,
				A9EBB11318F8573400AF932E /* InfoPlist.strings in Resources */,
				A97C2D2018FC2E21009F6FBA /* LaikaSpaceDog-3.jpg in Resources */,
				A9EBB11C18F8573400AF932E /* Main.storyboard in Resources */,
			);
			runOnlyForDeploymentPostprocessing = 0;
		};
		A9EBB12418F8573400AF932E /* Resources */ = {
			isa = PBXResourcesBuildPhase;
			buildActionMask = 2147483647;
			files = (
				A9EBB13218F8573400AF932E /* InfoPlist.strings in Resources */,
			);
			runOnlyForDeploymentPostprocessing = 0;
		};
/* End PBXResourcesBuildPhase section */

/* Begin PBXSourcesBuildPhase section */
		A9EBB10118F8573400AF932E /* Sources */ = {
			isa = PBXSourcesBuildPhase;
			buildActionMask = 2147483647;
			files = (
				A9EBB11518F8573400AF932E /* main.m in Sources */,
				A9EBB11918F8573400AF932E /* LAAppDelegate.m in Sources */,
				A9EBB11F18F8573400AF932E /* LAViewController.m in Sources */,
			);
			runOnlyForDeploymentPostprocessing = 0;
		};
		A9EBB12218F8573400AF932E /* Sources */ = {
			isa = PBXSourcesBuildPhase;
			buildActionMask = 2147483647;
			files = (
				A9EBB13418F8573400AF932E /* LAgeTests.m in Sources */,
			);
			runOnlyForDeploymentPostprocessing = 0;
		};
/* End PBXSourcesBuildPhase section */

/* Begin PBXTargetDependency section */
		A9EBB12C18F8573400AF932E /* PBXTargetDependency */ = {
			isa = PBXTargetDependency;
			target = A9EBB10418F8573400AF932E /* LAge */;
			targetProxy = A9EBB12B18F8573400AF932E /* PBXContainerItemProxy */;
		};
/* End PBXTargetDependency section */

/* Begin PBXVariantGroup section */
		A9EBB11118F8573400AF932E /* InfoPlist.strings */ = {
			isa = PBXVariantGroup;
			children = (
				A9EBB11218F8573400AF932E /* en */,
			);
			name = InfoPlist.strings;
			sourceTree = "<group>";
		};
		A9EBB11A18F8573400AF932E /* Main.storyboard */ = {
			isa = PBXVariantGroup;
			children = (
				A9EBB11B18F8573400AF932E /* Base */,
			);
			name = Main.storyboard;
			sourceTree = "<group>";
		};
		A9EBB13018F8573400AF932E /* InfoPlist.strings */ = {
			isa = PBXVariantGroup;
			children = (
				A9EBB13118F8573400AF932E /* en */,
			);
			name = InfoPlist.strings;
			sourceTree = "<group>";
		};
/* End PBXVariantGroup section */

/* Begin XCBuildConfiguration section */
		A9EBB13518F8573400AF932E /* Debug */ = {
			isa = XCBuildConfiguration;
			buildSettings = {
				ALWAYS_SEARCH_USER_PATHS = NO;
				CLANG_CXX_LANGUAGE_STANDARD = "gnu++0x";
				CLANG_CXX_LIBRARY = "libc++";
				CLANG_ENABLE_MODULES = YES;
				CLANG_ENABLE_OBJC_ARC = YES;
				CLANG_WARN_BOOL_CONVERSION = YES;
				CLANG_WARN_CONSTANT_CONVERSION = YES;
				CLANG_WARN_DIRECT_OBJC_ISA_USAGE = YES_ERROR;
				CLANG_WARN_EMPTY_BODY = YES;
				CLANG_WARN_ENUM_CONVERSION = YES;
				CLANG_WARN_INT_CONVERSION = YES;
				CLANG_WARN_OBJC_ROOT_CLASS = YES_ERROR;
				CLANG_WARN__DUPLICATE_METHOD_MATCH = YES;
				"CODE_SIGN_IDENTITY[sdk=iphoneos*]" = "iPhone Developer";
				COPY_PHASE_STRIP = NO;
				GCC_C_LANGUAGE_STANDARD = gnu99;
				GCC_DYNAMIC_NO_PIC = NO;
				GCC_OPTIMIZATION_LEVEL = 0;
				GCC_PREPROCESSOR_DEFINITIONS = (
					"DEBUG=1",
					"$(inherited)",
				);
				GCC_SYMBOLS_PRIVATE_EXTERN = NO;
				GCC_WARN_64_TO_32_BIT_CONVERSION = YES;
				GCC_WARN_ABOUT_RETURN_TYPE = YES_ERROR;
				GCC_WARN_UNDECLARED_SELECTOR = YES;
				GCC_WARN_UNINITIALIZED_AUTOS = YES_AGGRESSIVE;
				GCC_WARN_UNUSED_FUNCTION = YES;
				GCC_WARN_UNUSED_VARIABLE = YES;
				IPHONEOS_DEPLOYMENT_TARGET = 7.1;
				ONLY_ACTIVE_ARCH = YES;
				SDKROOT = iphoneos;
			};
			name = Debug;
		};
		A9EBB13618F8573400AF932E /* Release */ = {
			isa = XCBuildConfiguration;
			buildSettings = {
				ALWAYS_SEARCH_USER_PATHS = NO;
				CLANG_CXX_LANGUAGE_STANDARD = "gnu++0x";
				CLANG_CXX_LIBRARY = "libc++";
				CLANG_ENABLE_MODULES = YES;
				CLANG_ENABLE_OBJC_ARC = YES;
				CLANG_WARN_BOOL_CONVERSION = YES;
				CLANG_WARN_CONSTANT_CONVERSION = YES;
				CLANG_WARN_DIRECT_OBJC_ISA_USAGE = YES_ERROR;
				CLANG_WARN_EMPTY_BODY = YES;
				CLANG_WARN_ENUM_CONVERSION = YES;
				CLANG_WARN_INT_CONVERSION = YES;
				CLANG_WARN_OBJC_ROOT_CLASS = YES_ERROR;
				CLANG_WARN__DUPLICATE_METHOD_MATCH = YES;
				"CODE_SIGN_IDENTITY[sdk=iphoneos*]" = "iPhone Developer";
				COPY_PHASE_STRIP = YES;
				ENABLE_NS_ASSERTIONS = NO;
				GCC_C_LANGUAGE_STANDARD = gnu99;
				GCC_WARN_64_TO_32_BIT_CONVERSION = YES;
				GCC_WARN_ABOUT_RETURN_TYPE = YES_ERROR;
				GCC_WARN_UNDECLARED_SELECTOR = YES;
				GCC_WARN_UNINITIALIZED_AUTOS = YES_AGGRESSIVE;
				GCC_WARN_UNUSED_FUNCTION = YES;
				GCC_WARN_UNUSED_VARIABLE = YES;
				IPHONEOS_DEPLOYMENT_TARGET = 7.1;
				SDKROOT = iphoneos;
				VALIDATE_PRODUCT = YES;
			};
			name = Release;
		};
		A9EBB13818F8573400AF932E /* Debug */ = {
			isa = XCBuildConfiguration;
			buildSettings = {
				ASSETCATALOG_COMPILER_APPICON_NAME = AppIcon;
				ASSETCATALOG_COMPILER_LAUNCHIMAGE_NAME = LaunchImage;
				GCC_PRECOMPILE_PREFIX_HEADER = YES;
				GCC_PREFIX_HEADER = "LAge/LAge-Prefix.pch";
				INFOPLIST_FILE = "LAge/LAge-Info.plist";
				PRODUCT_NAME = "$(TARGET_NAME)";
				WRAPPER_EXTENSION = app;
			};
			name = Debug;
		};
		A9EBB13918F8573400AF932E /* Release */ = {
			isa = XCBuildConfiguration;
			buildSettings = {
				ASSETCATALOG_COMPILER_APPICON_NAME = AppIcon;
				ASSETCATALOG_COMPILER_LAUNCHIMAGE_NAME = LaunchImage;
				GCC_PRECOMPILE_PREFIX_HEADER = YES;
				GCC_PREFIX_HEADER = "LAge/LAge-Prefix.pch";
				INFOPLIST_FILE = "LAge/LAge-Info.plist";
				PRODUCT_NAME = "$(TARGET_NAME)";
				WRAPPER_EXTENSION = app;
			};
			name = Release;
		};
		A9EBB13B18F8573400AF932E /* Debug */ = {
			isa = XCBuildConfiguration;
			buildSettings = {
				BUNDLE_LOADER = "$(BUILT_PRODUCTS_DIR)/LAge.app/LAge";
				FRAMEWORK_SEARCH_PATHS = (
					"$(SDKROOT)/Developer/Library/Frameworks",
					"$(inherited)",
					"$(DEVELOPER_FRAMEWORKS_DIR)",
				);
				GCC_PRECOMPILE_PREFIX_HEADER = YES;
				GCC_PREFIX_HEADER = "LAge/LAge-Prefix.pch";
				GCC_PREPROCESSOR_DEFINITIONS = (
					"DEBUG=1",
					"$(inherited)",
				);
				INFOPLIST_FILE = "LAgeTests/LAgeTests-Info.plist";
				PRODUCT_NAME = "$(TARGET_NAME)";
				TEST_HOST = "$(BUNDLE_LOADER)";
				WRAPPER_EXTENSION = xctest;
			};
			name = Debug;
		};
		A9EBB13C18F8573400AF932E /* Release */ = {
			isa = XCBuildConfiguration;
			buildSettings = {
				BUNDLE_LOADER = "$(BUILT_PRODUCTS_DIR)/LAge.app/LAge";
				FRAMEWORK_SEARCH_PATHS = (
					"$(SDKROOT)/Developer/Library/Frameworks",
					"$(inherited)",
					"$(DEVELOPER_FRAMEWORKS_DIR)",
				);
				GCC_PRECOMPILE_PREFIX_HEADER = YES;
				GCC_PREFIX_HEADER = "LAge/LAge-Prefix.pch";
				INFOPLIST_FILE = "LAgeTests/LAgeTests-Info.plist";
				PRODUCT_NAME = "$(TARGET_NAME)";
				TEST_HOST = "$(BUNDLE_LOADER)";
				WRAPPER_EXTENSION = xctest;
			};
			name = Release;
		};
/* End XCBuildConfiguration section */

/* Begin XCConfigurationList section */
		A9EBB10018F8573400AF932E /* Build configuration list for PBXProject "LAge" */ = {
			isa = XCConfigurationList;
			buildConfigurations = (
				A9EBB13518F8573400AF932E /* Debug */,
				A9EBB13618F8573400AF932E /* Release */,
			);
			defaultConfigurationIsVisible = 0;
			defaultConfigurationName = Release;
		};
		A9EBB13718F8573400AF932E /* Build configuration list for PBXNativeTarget "LAge" */ = {
			isa = XCConfigurationList;
			buildConfigurations = (
				A9EBB13818F8573400AF932E /* Debug */,
				A9EBB13918F8573400AF932E /* Release */,
			);
			defaultConfigurationIsVisible = 0;
			defaultConfigurationName = Release;
		};
		A9EBB13A18F8573400AF932E /* Build configuration list for PBXNativeTarget "LAgeTests" */ = {
			isa = XCConfigurationList;
			buildConfigurations = (
				A9EBB13B18F8573400AF932E /* Debug */,
				A9EBB13C18F8573400AF932E /* Release */,
			);
			defaultConfigurationIsVisible = 0;
			defaultConfigurationName = Release;
		};
/* End XCConfigurationList section */
	};
	rootObject = A9EBB0FD18F8573400AF932E /* Project object */;
}
